// !$*UTF8*$!
{
	archiveVersion = 1;
	classes = {
	};
	objectVersion = 46;
	objects = {

/* Begin PBXBuildFile section */
		055D8E2A14FF058E00E85A94 /* GVCUIKit.h in Headers */ = {isa = PBXBuildFile; fileRef = 055D8E2914FF058E00E85A94 /* GVCUIKit.h */; settings = {ATTRIBUTES = (Public, ); }; };
		055D8E5E14FF0A3700E85A94 /* UIColor+GVCUIKit.h in Headers */ = {isa = PBXBuildFile; fileRef = 055D8E5214FF0A3700E85A94 /* UIColor+GVCUIKit.h */; settings = {ATTRIBUTES = (Public, ); }; };
		055D8E5F14FF0A3700E85A94 /* UIColor+GVCUIKit.m in Sources */ = {isa = PBXBuildFile; fileRef = 055D8E5314FF0A3700E85A94 /* UIColor+GVCUIKit.m */; };
		055D8E6014FF0A3700E85A94 /* UIDevice+GVCUIKit.h in Headers */ = {isa = PBXBuildFile; fileRef = 055D8E5414FF0A3700E85A94 /* UIDevice+GVCUIKit.h */; settings = {ATTRIBUTES = (Public, ); }; };
		055D8E6114FF0A3700E85A94 /* UIDevice+GVCUIKit.m in Sources */ = {isa = PBXBuildFile; fileRef = 055D8E5514FF0A3700E85A94 /* UIDevice+GVCUIKit.m */; };
		055D8E6214FF0A3700E85A94 /* UIImage+GVCUIKit.h in Headers */ = {isa = PBXBuildFile; fileRef = 055D8E5614FF0A3700E85A94 /* UIImage+GVCUIKit.h */; settings = {ATTRIBUTES = (Public, ); }; };
		055D8E6314FF0A3700E85A94 /* UIImage+GVCUIKit.m in Sources */ = {isa = PBXBuildFile; fileRef = 055D8E5714FF0A3700E85A94 /* UIImage+GVCUIKit.m */; };
		055D8E6414FF0A3700E85A94 /* UITabBar+GVCUIKit.h in Headers */ = {isa = PBXBuildFile; fileRef = 055D8E5814FF0A3700E85A94 /* UITabBar+GVCUIKit.h */; settings = {ATTRIBUTES = (Public, ); }; };
		055D8E6514FF0A3700E85A94 /* UITabBar+GVCUIKit.m in Sources */ = {isa = PBXBuildFile; fileRef = 055D8E5914FF0A3700E85A94 /* UITabBar+GVCUIKit.m */; };
		055D8E6614FF0A3700E85A94 /* UIView+GVCUIKit.h in Headers */ = {isa = PBXBuildFile; fileRef = 055D8E5A14FF0A3700E85A94 /* UIView+GVCUIKit.h */; settings = {ATTRIBUTES = (Public, ); }; };
		055D8E6714FF0A3700E85A94 /* UIView+GVCUIKit.m in Sources */ = {isa = PBXBuildFile; fileRef = 055D8E5B14FF0A3700E85A94 /* UIView+GVCUIKit.m */; };
		055D8E6814FF0A3700E85A94 /* UIViewController+GVCUIKit.h in Headers */ = {isa = PBXBuildFile; fileRef = 055D8E5C14FF0A3700E85A94 /* UIViewController+GVCUIKit.h */; settings = {ATTRIBUTES = (Public, ); }; };
		055D8E6914FF0A3700E85A94 /* UIViewController+GVCUIKit.m in Sources */ = {isa = PBXBuildFile; fileRef = 055D8E5D14FF0A3700E85A94 /* UIViewController+GVCUIKit.m */; };
		0563F5801537CE0B00BC7D2D /* GVCUIViewController.h in Headers */ = {isa = PBXBuildFile; fileRef = 0563F57E1537CE0B00BC7D2D /* GVCUIViewController.h */; settings = {ATTRIBUTES = (Public, ); }; };
		0563F5811537CE0B00BC7D2D /* GVCUIViewController.m in Sources */ = {isa = PBXBuildFile; fileRef = 0563F57F1537CE0B00BC7D2D /* GVCUIViewController.m */; };
		0563F58D1537EBC500BC7D2D /* GVCMultiLineTableViewCell.h in Headers */ = {isa = PBXBuildFile; fileRef = 0563F58B1537EBC500BC7D2D /* GVCMultiLineTableViewCell.h */; settings = {ATTRIBUTES = (Public, ); }; };
		0563F58E1537EBC500BC7D2D /* GVCMultiLineTableViewCell.m in Sources */ = {isa = PBXBuildFile; fileRef = 0563F58C1537EBC500BC7D2D /* GVCMultiLineTableViewCell.m */; };
		056A14E4150310B500B50027 /* GVCDictionaryTableViewController.h in Headers */ = {isa = PBXBuildFile; fileRef = 056A14E2150310B500B50027 /* GVCDictionaryTableViewController.h */; settings = {ATTRIBUTES = (Public, ); }; };
		056A14E5150310B500B50027 /* GVCDictionaryTableViewController.m in Sources */ = {isa = PBXBuildFile; fileRef = 056A14E3150310B500B50027 /* GVCDictionaryTableViewController.m */; };
		058B64E115005F41007F27A1 /* GVCUIApplicationDelegate.h in Headers */ = {isa = PBXBuildFile; fileRef = 058B64DD15005F40007F27A1 /* GVCUIApplicationDelegate.h */; settings = {ATTRIBUTES = (Public, ); }; };
		058B64E215005F41007F27A1 /* GVCUIApplicationDelegate.m in Sources */ = {isa = PBXBuildFile; fileRef = 058B64DE15005F40007F27A1 /* GVCUIApplicationDelegate.m */; };
		058B65DE1500696B007F27A1 /* GVCBadgeView.h in Headers */ = {isa = PBXBuildFile; fileRef = 058B65D81500696B007F27A1 /* GVCBadgeView.h */; settings = {ATTRIBUTES = (Public, ); }; };
		058B65DF1500696B007F27A1 /* GVCBadgeView.m in Sources */ = {isa = PBXBuildFile; fileRef = 058B65D91500696B007F27A1 /* GVCBadgeView.m */; };
		058B65E01500696B007F27A1 /* GVCProgressBarView.h in Headers */ = {isa = PBXBuildFile; fileRef = 058B65DA1500696B007F27A1 /* GVCProgressBarView.h */; settings = {ATTRIBUTES = (Public, ); }; };
		058B65E11500696B007F27A1 /* GVCProgressBarView.m in Sources */ = {isa = PBXBuildFile; fileRef = 058B65DB1500696B007F27A1 /* GVCProgressBarView.m */; };
		058B65E21500696B007F27A1 /* GVCRoundBorderView.h in Headers */ = {isa = PBXBuildFile; fileRef = 058B65DC1500696B007F27A1 /* GVCRoundBorderView.h */; settings = {ATTRIBUTES = (Public, ); }; };
		058B65E31500696B007F27A1 /* GVCRoundBorderView.m in Sources */ = {isa = PBXBuildFile; fileRef = 058B65DD1500696B007F27A1 /* GVCRoundBorderView.m */; };
		059C617715011B5600E18973 /* CoreData.framework in Frameworks */ = {isa = PBXBuildFile; fileRef = 059C617515011B5600E18973 /* CoreData.framework */; };
		059C617815011B5600E18973 /* UIKit.framework in Frameworks */ = {isa = PBXBuildFile; fileRef = 059C617615011B5600E18973 /* UIKit.framework */; };
		059C617915011B7A00E18973 /* libGVCFoundation.a in Frameworks */ = {isa = PBXBuildFile; fileRef = 059C616F15011AFF00E18973 /* libGVCFoundation.a */; };
		059C618A15011C7300E18973 /* UIKit.framework in Frameworks */ = {isa = PBXBuildFile; fileRef = 059C617615011B5600E18973 /* UIKit.framework */; };
		059C618F1502894B00E18973 /* GVCUITableViewController.h in Headers */ = {isa = PBXBuildFile; fileRef = 059C618D1502894B00E18973 /* GVCUITableViewController.h */; settings = {ATTRIBUTES = (Public, ); }; };
		059C61901502894B00E18973 /* GVCUITableViewController.m in Sources */ = {isa = PBXBuildFile; fileRef = 059C618E1502894B00E18973 /* GVCUITableViewController.m */; };
		059C619315028A2000E18973 /* GVCUITableViewCell.h in Headers */ = {isa = PBXBuildFile; fileRef = 059C619115028A2000E18973 /* GVCUITableViewCell.h */; settings = {ATTRIBUTES = (Public, ); }; };
		059C619415028A2000E18973 /* GVCUITableViewCell.m in Sources */ = {isa = PBXBuildFile; fileRef = 059C619215028A2000E18973 /* GVCUITableViewCell.m */; };
		05CA0AF014F7F69E001C8A68 /* Foundation.framework in Frameworks */ = {isa = PBXBuildFile; fileRef = 05CA0AEF14F7F69E001C8A68 /* Foundation.framework */; };
		05CA0AFE14F7F69F001C8A68 /* SenTestingKit.framework in Frameworks */ = {isa = PBXBuildFile; fileRef = 05CA0AFD14F7F69F001C8A68 /* SenTestingKit.framework */; };
		05CA0B0114F7F69F001C8A68 /* Foundation.framework in Frameworks */ = {isa = PBXBuildFile; fileRef = 05CA0AEF14F7F69E001C8A68 /* Foundation.framework */; };
		05CA0B0414F7F69F001C8A68 /* libGVCUIKit.a in Frameworks */ = {isa = PBXBuildFile; fileRef = 05CA0AEC14F7F69E001C8A68 /* libGVCUIKit.a */; };
		05CA0B0A14F7F69F001C8A68 /* InfoPlist.strings in Resources */ = {isa = PBXBuildFile; fileRef = 05CA0B0814F7F69F001C8A68 /* InfoPlist.strings */; };
		05CA0B0D14F7F6A0001C8A68 /* GVCUIKitTests.m in Sources */ = {isa = PBXBuildFile; fileRef = 05CA0B0C14F7F6A0001C8A68 /* GVCUIKitTests.m */; };
		05D576231538B6B000BE1135 /* GVCEditDateCell.h in Headers */ = {isa = PBXBuildFile; fileRef = 05D576211538B6B000BE1135 /* GVCEditDateCell.h */; settings = {ATTRIBUTES = (Public, ); }; };
		05D576241538B6B000BE1135 /* GVCEditDateCell.m in Sources */ = {isa = PBXBuildFile; fileRef = 05D576221538B6B000BE1135 /* GVCEditDateCell.m */; };
		05D576291538BA6F00BE1135 /* GVCButtonCell.h in Headers */ = {isa = PBXBuildFile; fileRef = 05D576271538BA6F00BE1135 /* GVCButtonCell.h */; settings = {ATTRIBUTES = (Public, ); }; };
		05D5762A1538BA6F00BE1135 /* GVCButtonCell.m in Sources */ = {isa = PBXBuildFile; fileRef = 05D576281538BA6F00BE1135 /* GVCButtonCell.m */; };
		05F6477D15385E0100EFF492 /* GVCEditTextFieldCell.h in Headers */ = {isa = PBXBuildFile; fileRef = 05F6477B15385E0100EFF492 /* GVCEditTextFieldCell.h */; settings = {ATTRIBUTES = (Public, ); }; };
		05F6477E15385E0100EFF492 /* GVCEditTextFieldCell.m in Sources */ = {isa = PBXBuildFile; fileRef = 05F6477C15385E0100EFF492 /* GVCEditTextFieldCell.m */; };
		05F6478315385E2A00EFF492 /* GVCEditCell.h in Headers */ = {isa = PBXBuildFile; fileRef = 05F6478115385E2A00EFF492 /* GVCEditCell.h */; settings = {ATTRIBUTES = (Public, ); }; };
		05F6478415385E2A00EFF492 /* GVCEditCell.m in Sources */ = {isa = PBXBuildFile; fileRef = 05F6478215385E2A00EFF492 /* GVCEditCell.m */; };
		05F6478C153860D100EFF492 /* GVCDatePickerTableViewController.h in Headers */ = {isa = PBXBuildFile; fileRef = 05F6478A153860D100EFF492 /* GVCDatePickerTableViewController.h */; settings = {ATTRIBUTES = (Public, ); }; };
		05F6478D153860D100EFF492 /* GVCDatePickerTableViewController.m in Sources */ = {isa = PBXBuildFile; fileRef = 05F6478B153860D100EFF492 /* GVCDatePickerTableViewController.m */; };
		05F64790153861AD00EFF492 /* GVCUIDatePickerViewController.h in Headers */ = {isa = PBXBuildFile; fileRef = 05F6478E153861AD00EFF492 /* GVCUIDatePickerViewController.h */; settings = {ATTRIBUTES = (Public, ); }; };
		05F64791153861AD00EFF492 /* GVCUIDatePickerViewController.m in Sources */ = {isa = PBXBuildFile; fileRef = 05F6478F153861AD00EFF492 /* GVCUIDatePickerViewController.m */; };
/* End PBXBuildFile section */

/* Begin PBXContainerItemProxy section */
		059C616E15011AFF00E18973 /* PBXContainerItemProxy */ = {
			isa = PBXContainerItemProxy;
			containerPortal = 059C616615011AFF00E18973 /* GVCFoundation.xcodeproj */;
			proxyType = 2;
			remoteGlobalIDString = 056F5930147EE84D0076010D;
			remoteInfo = GVCFoundation;
		};
		059C617015011AFF00E18973 /* PBXContainerItemProxy */ = {
			isa = PBXContainerItemProxy;
			containerPortal = 059C616615011AFF00E18973 /* GVCFoundation.xcodeproj */;
			proxyType = 2;
			remoteGlobalIDString = 056F5940147EE84D0076010D;
			remoteInfo = GVCFoundationTests;
		};
		059C617315011B1300E18973 /* PBXContainerItemProxy */ = {
			isa = PBXContainerItemProxy;
			containerPortal = 059C616615011AFF00E18973 /* GVCFoundation.xcodeproj */;
			proxyType = 1;
			remoteGlobalIDString = 056F592F147EE84D0076010D;
			remoteInfo = GVCFoundation;
		};
		05CA0B0214F7F69F001C8A68 /* PBXContainerItemProxy */ = {
			isa = PBXContainerItemProxy;
			containerPortal = 05CA0AE314F7F69E001C8A68 /* Project object */;
			proxyType = 1;
			remoteGlobalIDString = 05CA0AEB14F7F69E001C8A68;
			remoteInfo = GVCUIKit;
		};
		05F0757F1537CB6C00F8A8BD /* PBXContainerItemProxy */ = {
			isa = PBXContainerItemProxy;
			containerPortal = 059C616615011AFF00E18973 /* GVCFoundation.xcodeproj */;
			proxyType = 1;
			remoteGlobalIDString = 056F592F147EE84D0076010D;
			remoteInfo = GVCFoundation;
		};
/* End PBXContainerItemProxy section */

/* Begin PBXFileReference section */
		0554498814F7F9C500ABB310 /* BuildKitHeader.sh */ = {isa = PBXFileReference; lastKnownFileType = text.script.sh; path = BuildKitHeader.sh; sourceTree = "<group>"; };
		0554498914F7F9C500ABB310 /* GitIgnore.txt */ = {isa = PBXFileReference; lastKnownFileType = text; path = GitIgnore.txt; sourceTree = "<group>"; };
		0554498A14F7F9C500ABB310 /* GVCDebug.xcconfig */ = {isa = PBXFileReference; lastKnownFileType = text.xcconfig; path = GVCDebug.xcconfig; sourceTree = "<group>"; };
		0554498B14F7F9C500ABB310 /* GVCRelease.xcconfig */ = {isa = PBXFileReference; lastKnownFileType = text.xcconfig; path = GVCRelease.xcconfig; sourceTree = "<group>"; };
		0554498D14F7F9C500ABB310 /* GVC License.md */ = {isa = PBXFileReference; lastKnownFileType = text; path = "GVC License.md"; sourceTree = "<group>"; };
		0554499014F7F9C500ABB310 /* README.md */ = {isa = PBXFileReference; lastKnownFileType = text; path = README.md; sourceTree = "<group>"; };
		0554499114F7F9C500ABB310 /* templateInstall.sh */ = {isa = PBXFileReference; lastKnownFileType = text.script.sh; path = templateInstall.sh; sourceTree = "<group>"; };
		055D8E2914FF058E00E85A94 /* GVCUIKit.h */ = {isa = PBXFileReference; fileEncoding = 4; lastKnownFileType = sourcecode.c.h; path = GVCUIKit.h; sourceTree = "<group>"; };
		055D8E5214FF0A3700E85A94 /* UIColor+GVCUIKit.h */ = {isa = PBXFileReference; fileEncoding = 4; lastKnownFileType = sourcecode.c.h; path = "UIColor+GVCUIKit.h"; sourceTree = "<group>"; };
		055D8E5314FF0A3700E85A94 /* UIColor+GVCUIKit.m */ = {isa = PBXFileReference; fileEncoding = 4; lastKnownFileType = sourcecode.c.objc; path = "UIColor+GVCUIKit.m"; sourceTree = "<group>"; };
		055D8E5414FF0A3700E85A94 /* UIDevice+GVCUIKit.h */ = {isa = PBXFileReference; fileEncoding = 4; lastKnownFileType = sourcecode.c.h; path = "UIDevice+GVCUIKit.h"; sourceTree = "<group>"; };
		055D8E5514FF0A3700E85A94 /* UIDevice+GVCUIKit.m */ = {isa = PBXFileReference; fileEncoding = 4; lastKnownFileType = sourcecode.c.objc; path = "UIDevice+GVCUIKit.m"; sourceTree = "<group>"; };
		055D8E5614FF0A3700E85A94 /* UIImage+GVCUIKit.h */ = {isa = PBXFileReference; fileEncoding = 4; lastKnownFileType = sourcecode.c.h; path = "UIImage+GVCUIKit.h"; sourceTree = "<group>"; };
		055D8E5714FF0A3700E85A94 /* UIImage+GVCUIKit.m */ = {isa = PBXFileReference; fileEncoding = 4; lastKnownFileType = sourcecode.c.objc; path = "UIImage+GVCUIKit.m"; sourceTree = "<group>"; };
		055D8E5814FF0A3700E85A94 /* UITabBar+GVCUIKit.h */ = {isa = PBXFileReference; fileEncoding = 4; lastKnownFileType = sourcecode.c.h; path = "UITabBar+GVCUIKit.h"; sourceTree = "<group>"; };
		055D8E5914FF0A3700E85A94 /* UITabBar+GVCUIKit.m */ = {isa = PBXFileReference; fileEncoding = 4; lastKnownFileType = sourcecode.c.objc; path = "UITabBar+GVCUIKit.m"; sourceTree = "<group>"; };
		055D8E5A14FF0A3700E85A94 /* UIView+GVCUIKit.h */ = {isa = PBXFileReference; fileEncoding = 4; lastKnownFileType = sourcecode.c.h; path = "UIView+GVCUIKit.h"; sourceTree = "<group>"; };
		055D8E5B14FF0A3700E85A94 /* UIView+GVCUIKit.m */ = {isa = PBXFileReference; fileEncoding = 4; lastKnownFileType = sourcecode.c.objc; path = "UIView+GVCUIKit.m"; sourceTree = "<group>"; };
		055D8E5C14FF0A3700E85A94 /* UIViewController+GVCUIKit.h */ = {isa = PBXFileReference; fileEncoding = 4; lastKnownFileType = sourcecode.c.h; path = "UIViewController+GVCUIKit.h"; sourceTree = "<group>"; };
		055D8E5D14FF0A3700E85A94 /* UIViewController+GVCUIKit.m */ = {isa = PBXFileReference; fileEncoding = 4; lastKnownFileType = sourcecode.c.objc; path = "UIViewController+GVCUIKit.m"; sourceTree = "<group>"; };
		0563F57E1537CE0B00BC7D2D /* GVCUIViewController.h */ = {isa = PBXFileReference; fileEncoding = 4; lastKnownFileType = sourcecode.c.h; path = GVCUIViewController.h; sourceTree = "<group>"; };
		0563F57F1537CE0B00BC7D2D /* GVCUIViewController.m */ = {isa = PBXFileReference; fileEncoding = 4; lastKnownFileType = sourcecode.c.objc; path = GVCUIViewController.m; sourceTree = "<group>"; };
		0563F58B1537EBC500BC7D2D /* GVCMultiLineTableViewCell.h */ = {isa = PBXFileReference; fileEncoding = 4; lastKnownFileType = sourcecode.c.h; path = GVCMultiLineTableViewCell.h; sourceTree = "<group>"; };
		0563F58C1537EBC500BC7D2D /* GVCMultiLineTableViewCell.m */ = {isa = PBXFileReference; fileEncoding = 4; lastKnownFileType = sourcecode.c.objc; path = GVCMultiLineTableViewCell.m; sourceTree = "<group>"; };
		056A14E2150310B500B50027 /* GVCDictionaryTableViewController.h */ = {isa = PBXFileReference; fileEncoding = 4; lastKnownFileType = sourcecode.c.h; path = GVCDictionaryTableViewController.h; sourceTree = "<group>"; };
		056A14E3150310B500B50027 /* GVCDictionaryTableViewController.m */ = {isa = PBXFileReference; fileEncoding = 4; lastKnownFileType = sourcecode.c.objc; path = GVCDictionaryTableViewController.m; sourceTree = "<group>"; };
		058B64DD15005F40007F27A1 /* GVCUIApplicationDelegate.h */ = {isa = PBXFileReference; fileEncoding = 4; lastKnownFileType = sourcecode.c.h; path = GVCUIApplicationDelegate.h; sourceTree = "<group>"; };
		058B64DE15005F40007F27A1 /* GVCUIApplicationDelegate.m */ = {isa = PBXFileReference; fileEncoding = 4; lastKnownFileType = sourcecode.c.objc; path = GVCUIApplicationDelegate.m; sourceTree = "<group>"; };
		058B65D81500696B007F27A1 /* GVCBadgeView.h */ = {isa = PBXFileReference; fileEncoding = 4; lastKnownFileType = sourcecode.c.h; path = GVCBadgeView.h; sourceTree = "<group>"; };
		058B65D91500696B007F27A1 /* GVCBadgeView.m */ = {isa = PBXFileReference; fileEncoding = 4; lastKnownFileType = sourcecode.c.objc; path = GVCBadgeView.m; sourceTree = "<group>"; };
		058B65DA1500696B007F27A1 /* GVCProgressBarView.h */ = {isa = PBXFileReference; fileEncoding = 4; lastKnownFileType = sourcecode.c.h; path = GVCProgressBarView.h; sourceTree = "<group>"; };
		058B65DB1500696B007F27A1 /* GVCProgressBarView.m */ = {isa = PBXFileReference; fileEncoding = 4; lastKnownFileType = sourcecode.c.objc; path = GVCProgressBarView.m; sourceTree = "<group>"; };
		058B65DC1500696B007F27A1 /* GVCRoundBorderView.h */ = {isa = PBXFileReference; fileEncoding = 4; lastKnownFileType = sourcecode.c.h; path = GVCRoundBorderView.h; sourceTree = "<group>"; };
		058B65DD1500696B007F27A1 /* GVCRoundBorderView.m */ = {isa = PBXFileReference; fileEncoding = 4; lastKnownFileType = sourcecode.c.objc; path = GVCRoundBorderView.m; sourceTree = "<group>"; };
		059C616615011AFF00E18973 /* GVCFoundation.xcodeproj */ = {isa = PBXFileReference; lastKnownFileType = "wrapper.pb-project"; name = GVCFoundation.xcodeproj; path = ../GVCFoundation/GVCFoundation.xcodeproj; sourceTree = "<group>"; };
		059C617515011B5600E18973 /* CoreData.framework */ = {isa = PBXFileReference; lastKnownFileType = wrapper.framework; name = CoreData.framework; path = System/Library/Frameworks/CoreData.framework; sourceTree = SDKROOT; };
		059C617615011B5600E18973 /* UIKit.framework */ = {isa = PBXFileReference; lastKnownFileType = wrapper.framework; name = UIKit.framework; path = System/Library/Frameworks/UIKit.framework; sourceTree = SDKROOT; };
		059C618D1502894B00E18973 /* GVCUITableViewController.h */ = {isa = PBXFileReference; fileEncoding = 4; lastKnownFileType = sourcecode.c.h; path = GVCUITableViewController.h; sourceTree = "<group>"; };
		059C618E1502894B00E18973 /* GVCUITableViewController.m */ = {isa = PBXFileReference; fileEncoding = 4; lastKnownFileType = sourcecode.c.objc; path = GVCUITableViewController.m; sourceTree = "<group>"; };
		059C619115028A2000E18973 /* GVCUITableViewCell.h */ = {isa = PBXFileReference; fileEncoding = 4; lastKnownFileType = sourcecode.c.h; path = GVCUITableViewCell.h; sourceTree = "<group>"; };
		059C619215028A2000E18973 /* GVCUITableViewCell.m */ = {isa = PBXFileReference; fileEncoding = 4; lastKnownFileType = sourcecode.c.objc; path = GVCUITableViewCell.m; sourceTree = "<group>"; };
		05CA0AEC14F7F69E001C8A68 /* libGVCUIKit.a */ = {isa = PBXFileReference; explicitFileType = archive.ar; includeInIndex = 0; path = libGVCUIKit.a; sourceTree = BUILT_PRODUCTS_DIR; };
		05CA0AEF14F7F69E001C8A68 /* Foundation.framework */ = {isa = PBXFileReference; lastKnownFileType = wrapper.framework; name = Foundation.framework; path = System/Library/Frameworks/Foundation.framework; sourceTree = SDKROOT; };
		05CA0AF314F7F69E001C8A68 /* GVCUIKit-Prefix.pch */ = {isa = PBXFileReference; lastKnownFileType = sourcecode.c.h; path = "GVCUIKit-Prefix.pch"; sourceTree = "<group>"; };
		05CA0AFC14F7F69F001C8A68 /* GVCUIKitTests.octest */ = {isa = PBXFileReference; explicitFileType = wrapper.cfbundle; includeInIndex = 0; path = GVCUIKitTests.octest; sourceTree = BUILT_PRODUCTS_DIR; };
		05CA0AFD14F7F69F001C8A68 /* SenTestingKit.framework */ = {isa = PBXFileReference; lastKnownFileType = wrapper.framework; name = SenTestingKit.framework; path = Library/Frameworks/SenTestingKit.framework; sourceTree = DEVELOPER_DIR; };
		05CA0B0714F7F69F001C8A68 /* GVCUIKitTests-Info.plist */ = {isa = PBXFileReference; lastKnownFileType = text.plist.xml; path = "GVCUIKitTests-Info.plist"; sourceTree = "<group>"; };
		05CA0B0914F7F69F001C8A68 /* en */ = {isa = PBXFileReference; lastKnownFileType = text.plist.strings; name = en; path = en.lproj/InfoPlist.strings; sourceTree = "<group>"; };
		05CA0B0B14F7F6A0001C8A68 /* GVCUIKitTests.h */ = {isa = PBXFileReference; lastKnownFileType = sourcecode.c.h; path = GVCUIKitTests.h; sourceTree = "<group>"; };
		05CA0B0C14F7F6A0001C8A68 /* GVCUIKitTests.m */ = {isa = PBXFileReference; lastKnownFileType = sourcecode.c.objc; path = GVCUIKitTests.m; sourceTree = "<group>"; };
		05D576211538B6B000BE1135 /* GVCEditDateCell.h */ = {isa = PBXFileReference; fileEncoding = 4; lastKnownFileType = sourcecode.c.h; path = GVCEditDateCell.h; sourceTree = "<group>"; };
		05D576221538B6B000BE1135 /* GVCEditDateCell.m */ = {isa = PBXFileReference; fileEncoding = 4; lastKnownFileType = sourcecode.c.objc; path = GVCEditDateCell.m; sourceTree = "<group>"; };
		05D576271538BA6F00BE1135 /* GVCButtonCell.h */ = {isa = PBXFileReference; fileEncoding = 4; lastKnownFileType = sourcecode.c.h; path = GVCButtonCell.h; sourceTree = "<group>"; };
		05D576281538BA6F00BE1135 /* GVCButtonCell.m */ = {isa = PBXFileReference; fileEncoding = 4; lastKnownFileType = sourcecode.c.objc; path = GVCButtonCell.m; sourceTree = "<group>"; };
		05F6477B15385E0100EFF492 /* GVCEditTextFieldCell.h */ = {isa = PBXFileReference; fileEncoding = 4; lastKnownFileType = sourcecode.c.h; path = GVCEditTextFieldCell.h; sourceTree = "<group>"; };
		05F6477C15385E0100EFF492 /* GVCEditTextFieldCell.m */ = {isa = PBXFileReference; fileEncoding = 4; lastKnownFileType = sourcecode.c.objc; path = GVCEditTextFieldCell.m; sourceTree = "<group>"; };
		05F6478115385E2A00EFF492 /* GVCEditCell.h */ = {isa = PBXFileReference; fileEncoding = 4; lastKnownFileType = sourcecode.c.h; path = GVCEditCell.h; sourceTree = "<group>"; };
		05F6478215385E2A00EFF492 /* GVCEditCell.m */ = {isa = PBXFileReference; fileEncoding = 4; lastKnownFileType = sourcecode.c.objc; path = GVCEditCell.m; sourceTree = "<group>"; };
		05F6478A153860D100EFF492 /* GVCDatePickerTableViewController.h */ = {isa = PBXFileReference; fileEncoding = 4; lastKnownFileType = sourcecode.c.h; path = GVCDatePickerTableViewController.h; sourceTree = "<group>"; };
		05F6478B153860D100EFF492 /* GVCDatePickerTableViewController.m */ = {isa = PBXFileReference; fileEncoding = 4; lastKnownFileType = sourcecode.c.objc; path = GVCDatePickerTableViewController.m; sourceTree = "<group>"; };
		05F6478E153861AD00EFF492 /* GVCUIDatePickerViewController.h */ = {isa = PBXFileReference; fileEncoding = 4; lastKnownFileType = sourcecode.c.h; path = GVCUIDatePickerViewController.h; sourceTree = "<group>"; };
		05F6478F153861AD00EFF492 /* GVCUIDatePickerViewController.m */ = {isa = PBXFileReference; fileEncoding = 4; lastKnownFileType = sourcecode.c.objc; path = GVCUIDatePickerViewController.m; sourceTree = "<group>"; };
/* End PBXFileReference section */

/* Begin PBXFrameworksBuildPhase section */
		05CA0AE914F7F69E001C8A68 /* Frameworks */ = {
			isa = PBXFrameworksBuildPhase;
			buildActionMask = 2147483647;
			files = (
				059C617715011B5600E18973 /* CoreData.framework in Frameworks */,
				059C617815011B5600E18973 /* UIKit.framework in Frameworks */,
				05CA0AF014F7F69E001C8A68 /* Foundation.framework in Frameworks */,
			);
			runOnlyForDeploymentPostprocessing = 0;
		};
		05CA0AF814F7F69F001C8A68 /* Frameworks */ = {
			isa = PBXFrameworksBuildPhase;
			buildActionMask = 2147483647;
			files = (
				059C617915011B7A00E18973 /* libGVCFoundation.a in Frameworks */,
				05CA0B0414F7F69F001C8A68 /* libGVCUIKit.a in Frameworks */,
				05CA0AFE14F7F69F001C8A68 /* SenTestingKit.framework in Frameworks */,
				05CA0B0114F7F69F001C8A68 /* Foundation.framework in Frameworks */,
				059C618A15011C7300E18973 /* UIKit.framework in Frameworks */,
			);
			runOnlyForDeploymentPostprocessing = 0;
		};
/* End PBXFrameworksBuildPhase section */

/* Begin PBXGroup section */
		0554498714F7F9C500ABB310 /* Resources */ = {
			isa = PBXGroup;
			children = (
				0554498814F7F9C500ABB310 /* BuildKitHeader.sh */,
				0554498914F7F9C500ABB310 /* GitIgnore.txt */,
				0554498A14F7F9C500ABB310 /* GVCDebug.xcconfig */,
				0554498B14F7F9C500ABB310 /* GVCRelease.xcconfig */,
				0554498C14F7F9C500ABB310 /* Licenses */,
				0554498E14F7F9C500ABB310 /* Templates */,
			);
			path = Resources;
			sourceTree = "<group>";
		};
		0554498C14F7F9C500ABB310 /* Licenses */ = {
			isa = PBXGroup;
			children = (
				0554498D14F7F9C500ABB310 /* GVC License.md */,
			);
			path = Licenses;
			sourceTree = "<group>";
		};
		0554498E14F7F9C500ABB310 /* Templates */ = {
			isa = PBXGroup;
			children = (
				0554498F14F7F9C500ABB310 /* GVC UIKit */,
				0554499014F7F9C500ABB310 /* README.md */,
				0554499114F7F9C500ABB310 /* templateInstall.sh */,
			);
			path = Templates;
			sourceTree = "<group>";
		};
		0554498F14F7F9C500ABB310 /* GVC UIKit */ = {
			isa = PBXGroup;
			children = (
			);
			path = "GVC UIKit";
			sourceTree = "<group>";
		};
		055D8E2714FF058000E85A94 /* Additions */ = {
			isa = PBXGroup;
			children = (
				055D8E5214FF0A3700E85A94 /* UIColor+GVCUIKit.h */,
				055D8E5314FF0A3700E85A94 /* UIColor+GVCUIKit.m */,
				055D8E5414FF0A3700E85A94 /* UIDevice+GVCUIKit.h */,
				055D8E5514FF0A3700E85A94 /* UIDevice+GVCUIKit.m */,
				055D8E5614FF0A3700E85A94 /* UIImage+GVCUIKit.h */,
				055D8E5714FF0A3700E85A94 /* UIImage+GVCUIKit.m */,
				055D8E5814FF0A3700E85A94 /* UITabBar+GVCUIKit.h */,
				055D8E5914FF0A3700E85A94 /* UITabBar+GVCUIKit.m */,
				055D8E5A14FF0A3700E85A94 /* UIView+GVCUIKit.h */,
				055D8E5B14FF0A3700E85A94 /* UIView+GVCUIKit.m */,
				055D8E5C14FF0A3700E85A94 /* UIViewController+GVCUIKit.h */,
				055D8E5D14FF0A3700E85A94 /* UIViewController+GVCUIKit.m */,
			);
			path = Additions;
			sourceTree = "<group>";
		};
		058B64DB15005F40007F27A1 /* cells */ = {
			isa = PBXGroup;
			children = (
				059C619115028A2000E18973 /* GVCUITableViewCell.h */,
				059C619215028A2000E18973 /* GVCUITableViewCell.m */,
				05F6478115385E2A00EFF492 /* GVCEditCell.h */,
				05F6478215385E2A00EFF492 /* GVCEditCell.m */,
				0563F58B1537EBC500BC7D2D /* GVCMultiLineTableViewCell.h */,
				0563F58C1537EBC500BC7D2D /* GVCMultiLineTableViewCell.m */,
				05F6477B15385E0100EFF492 /* GVCEditTextFieldCell.h */,
				05F6477C15385E0100EFF492 /* GVCEditTextFieldCell.m */,
				05D576211538B6B000BE1135 /* GVCEditDateCell.h */,
				05D576221538B6B000BE1135 /* GVCEditDateCell.m */,
				05D576271538BA6F00BE1135 /* GVCButtonCell.h */,
				05D576281538BA6F00BE1135 /* GVCButtonCell.m */,
			);
			path = cells;
			sourceTree = "<group>";
		};
		058B64DC15005F40007F27A1 /* controllers */ = {
			isa = PBXGroup;
			children = (
				059C618D1502894B00E18973 /* GVCUITableViewController.h */,
				059C618E1502894B00E18973 /* GVCUITableViewController.m */,
				0563F57E1537CE0B00BC7D2D /* GVCUIViewController.h */,
				0563F57F1537CE0B00BC7D2D /* GVCUIViewController.m */,
				05F6478A153860D100EFF492 /* GVCDatePickerTableViewController.h */,
				05F6478B153860D100EFF492 /* GVCDatePickerTableViewController.m */,
				05F6478E153861AD00EFF492 /* GVCUIDatePickerViewController.h */,
				05F6478F153861AD00EFF492 /* GVCUIDatePickerViewController.m */,
			);
			path = controllers;
			sourceTree = "<group>";
		};
		058B64DF15005F41007F27A1 /* prototyping */ = {
			isa = PBXGroup;
			children = (
				056A14E2150310B500B50027 /* GVCDictionaryTableViewController.h */,
				056A14E3150310B500B50027 /* GVCDictionaryTableViewController.m */,
			);
			path = prototyping;
			sourceTree = "<group>";
		};
		058B64E015005F41007F27A1 /* views */ = {
			isa = PBXGroup;
			children = (
				058B65D81500696B007F27A1 /* GVCBadgeView.h */,
				058B65D91500696B007F27A1 /* GVCBadgeView.m */,
				058B65DA1500696B007F27A1 /* GVCProgressBarView.h */,
				058B65DB1500696B007F27A1 /* GVCProgressBarView.m */,
				058B65DC1500696B007F27A1 /* GVCRoundBorderView.h */,
				058B65DD1500696B007F27A1 /* GVCRoundBorderView.m */,
			);
			path = views;
			sourceTree = "<group>";
		};
		059C616715011AFF00E18973 /* Products */ = {
			isa = PBXGroup;
			children = (
				059C616F15011AFF00E18973 /* libGVCFoundation.a */,
				059C617115011AFF00E18973 /* GVCFoundationTests.octest */,
			);
			name = Products;
			sourceTree = "<group>";
		};
		05CA0AE114F7F69E001C8A68 = {
			isa = PBXGroup;
			children = (
				059C616615011AFF00E18973 /* GVCFoundation.xcodeproj */,
				05CA0AF114F7F69E001C8A68 /* GVCUIKit */,
				05CA0B0514F7F69F001C8A68 /* GVCUIKitTests */,
				0554498714F7F9C500ABB310 /* Resources */,
				05CA0AEE14F7F69E001C8A68 /* Frameworks */,
				05CA0AED14F7F69E001C8A68 /* Products */,
			);
			sourceTree = "<group>";
		};
		05CA0AED14F7F69E001C8A68 /* Products */ = {
			isa = PBXGroup;
			children = (
				05CA0AEC14F7F69E001C8A68 /* libGVCUIKit.a */,
				05CA0AFC14F7F69F001C8A68 /* GVCUIKitTests.octest */,
			);
			name = Products;
			sourceTree = "<group>";
		};
		05CA0AEE14F7F69E001C8A68 /* Frameworks */ = {
			isa = PBXGroup;
			children = (
				059C617515011B5600E18973 /* CoreData.framework */,
				059C617615011B5600E18973 /* UIKit.framework */,
				05CA0AEF14F7F69E001C8A68 /* Foundation.framework */,
				05CA0AFD14F7F69F001C8A68 /* SenTestingKit.framework */,
			);
			name = Frameworks;
			sourceTree = "<group>";
		};
		05CA0AF114F7F69E001C8A68 /* GVCUIKit */ = {
			isa = PBXGroup;
			children = (
				055D8E2914FF058E00E85A94 /* GVCUIKit.h */,
				055D8E2714FF058000E85A94 /* Additions */,
				058B64DB15005F40007F27A1 /* cells */,
				058B64DC15005F40007F27A1 /* controllers */,
				058B64DF15005F41007F27A1 /* prototyping */,
				058B64E015005F41007F27A1 /* views */,
				058B64DD15005F40007F27A1 /* GVCUIApplicationDelegate.h */,
				058B64DE15005F40007F27A1 /* GVCUIApplicationDelegate.m */,
				05CA0AF214F7F69E001C8A68 /* Supporting Files */,
			);
			path = GVCUIKit;
			sourceTree = "<group>";
		};
		05CA0AF214F7F69E001C8A68 /* Supporting Files */ = {
			isa = PBXGroup;
			children = (
				05CA0AF314F7F69E001C8A68 /* GVCUIKit-Prefix.pch */,
			);
			name = "Supporting Files";
			sourceTree = "<group>";
		};
		05CA0B0514F7F69F001C8A68 /* GVCUIKitTests */ = {
			isa = PBXGroup;
			children = (
				05CA0B0B14F7F6A0001C8A68 /* GVCUIKitTests.h */,
				05CA0B0C14F7F6A0001C8A68 /* GVCUIKitTests.m */,
				05CA0B0614F7F69F001C8A68 /* Supporting Files */,
			);
			path = GVCUIKitTests;
			sourceTree = "<group>";
		};
		05CA0B0614F7F69F001C8A68 /* Supporting Files */ = {
			isa = PBXGroup;
			children = (
				05CA0B0714F7F69F001C8A68 /* GVCUIKitTests-Info.plist */,
				05CA0B0814F7F69F001C8A68 /* InfoPlist.strings */,
			);
			name = "Supporting Files";
			sourceTree = "<group>";
		};
/* End PBXGroup section */

/* Begin PBXHeadersBuildPhase section */
		05CA0AEA14F7F69E001C8A68 /* Headers */ = {
			isa = PBXHeadersBuildPhase;
			buildActionMask = 2147483647;
			files = (
				055D8E2A14FF058E00E85A94 /* GVCUIKit.h in Headers */,
				055D8E5E14FF0A3700E85A94 /* UIColor+GVCUIKit.h in Headers */,
				055D8E6014FF0A3700E85A94 /* UIDevice+GVCUIKit.h in Headers */,
				055D8E6214FF0A3700E85A94 /* UIImage+GVCUIKit.h in Headers */,
				055D8E6414FF0A3700E85A94 /* UITabBar+GVCUIKit.h in Headers */,
				058B64E115005F41007F27A1 /* GVCUIApplicationDelegate.h in Headers */,
				058B65DE1500696B007F27A1 /* GVCBadgeView.h in Headers */,
				058B65E01500696B007F27A1 /* GVCProgressBarView.h in Headers */,
				058B65E21500696B007F27A1 /* GVCRoundBorderView.h in Headers */,
				059C618F1502894B00E18973 /* GVCUITableViewController.h in Headers */,
				059C619315028A2000E18973 /* GVCUITableViewCell.h in Headers */,
				056A14E4150310B500B50027 /* GVCDictionaryTableViewController.h in Headers */,
				055D8E6614FF0A3700E85A94 /* UIView+GVCUIKit.h in Headers */,
				055D8E6814FF0A3700E85A94 /* UIViewController+GVCUIKit.h in Headers */,
				0563F58D1537EBC500BC7D2D /* GVCMultiLineTableViewCell.h in Headers */,
				0563F5801537CE0B00BC7D2D /* GVCUIViewController.h in Headers */,
				05F6478C153860D100EFF492 /* GVCDatePickerTableViewController.h in Headers */,
				05F6478315385E2A00EFF492 /* GVCEditCell.h in Headers */,
				05F64790153861AD00EFF492 /* GVCUIDatePickerViewController.h in Headers */,
				05F6477D15385E0100EFF492 /* GVCEditTextFieldCell.h in Headers */,
				05D576231538B6B000BE1135 /* GVCEditDateCell.h in Headers */,
				05D576291538BA6F00BE1135 /* GVCButtonCell.h in Headers */,
			);
			runOnlyForDeploymentPostprocessing = 0;
		};
/* End PBXHeadersBuildPhase section */

/* Begin PBXNativeTarget section */
		05CA0AEB14F7F69E001C8A68 /* GVCUIKit */ = {
			isa = PBXNativeTarget;
			buildConfigurationList = 05CA0B1014F7F6A0001C8A68 /* Build configuration list for PBXNativeTarget "GVCUIKit" */;
			buildPhases = (
				0554499214F7F9EC00ABB310 /* ShellScript */,
				05CA0AE814F7F69E001C8A68 /* Sources */,
				05CA0AE914F7F69E001C8A68 /* Frameworks */,
				05CA0AEA14F7F69E001C8A68 /* Headers */,
			);
			buildRules = (
			);
			dependencies = (
				059C617415011B1300E18973 /* PBXTargetDependency */,
			);
			name = GVCUIKit;
			productName = GVCUIKit;
			productReference = 05CA0AEC14F7F69E001C8A68 /* libGVCUIKit.a */;
			productType = "com.apple.product-type.library.static";
		};
		05CA0AFB14F7F69F001C8A68 /* GVCUIKitTests */ = {
			isa = PBXNativeTarget;
			buildConfigurationList = 05CA0B1314F7F6A0001C8A68 /* Build configuration list for PBXNativeTarget "GVCUIKitTests" */;
			buildPhases = (
				05CA0AF714F7F69F001C8A68 /* Sources */,
				05CA0AF814F7F69F001C8A68 /* Frameworks */,
				05CA0AF914F7F69F001C8A68 /* Resources */,
				05CA0AFA14F7F69F001C8A68 /* ShellScript */,
			);
			buildRules = (
			);
			dependencies = (
				05F075801537CB6C00F8A8BD /* PBXTargetDependency */,
				05CA0B0314F7F69F001C8A68 /* PBXTargetDependency */,
			);
			name = GVCUIKitTests;
			productName = GVCUIKitTests;
			productReference = 05CA0AFC14F7F69F001C8A68 /* GVCUIKitTests.octest */;
			productType = "com.apple.product-type.bundle";
		};
/* End PBXNativeTarget section */

/* Begin PBXProject section */
		05CA0AE314F7F69E001C8A68 /* Project object */ = {
			isa = PBXProject;
			attributes = {
				LastUpgradeCheck = 0430;
			};
			buildConfigurationList = 05CA0AE614F7F69E001C8A68 /* Build configuration list for PBXProject "GVCUIKit" */;
			compatibilityVersion = "Xcode 3.2";
			developmentRegion = English;
			hasScannedForEncodings = 0;
			knownRegions = (
				en,
			);
			mainGroup = 05CA0AE114F7F69E001C8A68;
			productRefGroup = 05CA0AED14F7F69E001C8A68 /* Products */;
			projectDirPath = "";
			projectReferences = (
				{
					ProductGroup = 059C616715011AFF00E18973 /* Products */;
					ProjectRef = 059C616615011AFF00E18973 /* GVCFoundation.xcodeproj */;
				},
			);
			projectRoot = "";
			targets = (
				05CA0AEB14F7F69E001C8A68 /* GVCUIKit */,
				05CA0AFB14F7F69F001C8A68 /* GVCUIKitTests */,
			);
		};
/* End PBXProject section */

/* Begin PBXReferenceProxy section */
		059C616F15011AFF00E18973 /* libGVCFoundation.a */ = {
			isa = PBXReferenceProxy;
			fileType = archive.ar;
			path = libGVCFoundation.a;
			remoteRef = 059C616E15011AFF00E18973 /* PBXContainerItemProxy */;
			sourceTree = BUILT_PRODUCTS_DIR;
		};
		059C617115011AFF00E18973 /* GVCFoundationTests.octest */ = {
			isa = PBXReferenceProxy;
			fileType = wrapper.cfbundle;
			path = GVCFoundationTests.octest;
			remoteRef = 059C617015011AFF00E18973 /* PBXContainerItemProxy */;
			sourceTree = BUILT_PRODUCTS_DIR;
		};
/* End PBXReferenceProxy section */

/* Begin PBXResourcesBuildPhase section */
		05CA0AF914F7F69F001C8A68 /* Resources */ = {
			isa = PBXResourcesBuildPhase;
			buildActionMask = 2147483647;
			files = (
				05CA0B0A14F7F69F001C8A68 /* InfoPlist.strings in Resources */,
			);
			runOnlyForDeploymentPostprocessing = 0;
		};
/* End PBXResourcesBuildPhase section */

/* Begin PBXShellScriptBuildPhase section */
		0554499214F7F9EC00ABB310 /* ShellScript */ = {
			isa = PBXShellScriptBuildPhase;
			buildActionMask = 2147483647;
			files = (
			);
			inputPaths = (
			);
			outputPaths = (
			);
			runOnlyForDeploymentPostprocessing = 0;
			shellPath = /bin/sh;
			shellScript = "${PROJECT_DIR}/Resources/BuildKitHeader.sh";
		};
		05CA0AFA14F7F69F001C8A68 /* ShellScript */ = {
			isa = PBXShellScriptBuildPhase;
			buildActionMask = 2147483647;
			files = (
			);
			inputPaths = (
			);
			outputPaths = (
			);
			runOnlyForDeploymentPostprocessing = 0;
			shellPath = /bin/sh;
			shellScript = "# Run the unit tests in this test bundle.\n\"${SYSTEM_DEVELOPER_DIR}/Tools/RunUnitTests\"\n";
		};
/* End PBXShellScriptBuildPhase section */

/* Begin PBXSourcesBuildPhase section */
		05CA0AE814F7F69E001C8A68 /* Sources */ = {
			isa = PBXSourcesBuildPhase;
			buildActionMask = 2147483647;
			files = (
				055D8E5F14FF0A3700E85A94 /* UIColor+GVCUIKit.m in Sources */,
				055D8E6114FF0A3700E85A94 /* UIDevice+GVCUIKit.m in Sources */,
				055D8E6314FF0A3700E85A94 /* UIImage+GVCUIKit.m in Sources */,
				055D8E6514FF0A3700E85A94 /* UITabBar+GVCUIKit.m in Sources */,
				055D8E6714FF0A3700E85A94 /* UIView+GVCUIKit.m in Sources */,
				055D8E6914FF0A3700E85A94 /* UIViewController+GVCUIKit.m in Sources */,
				058B64E215005F41007F27A1 /* GVCUIApplicationDelegate.m in Sources */,
				058B65DF1500696B007F27A1 /* GVCBadgeView.m in Sources */,
				058B65E11500696B007F27A1 /* GVCProgressBarView.m in Sources */,
				058B65E31500696B007F27A1 /* GVCRoundBorderView.m in Sources */,
				059C61901502894B00E18973 /* GVCUITableViewController.m in Sources */,
				059C619415028A2000E18973 /* GVCUITableViewCell.m in Sources */,
				056A14E5150310B500B50027 /* GVCDictionaryTableViewController.m in Sources */,
				0563F5811537CE0B00BC7D2D /* GVCUIViewController.m in Sources */,
				0563F58E1537EBC500BC7D2D /* GVCMultiLineTableViewCell.m in Sources */,
				05F6477E15385E0100EFF492 /* GVCEditTextFieldCell.m in Sources */,
				05F6478415385E2A00EFF492 /* GVCEditCell.m in Sources */,
				05F6478D153860D100EFF492 /* GVCDatePickerTableViewController.m in Sources */,
				05F64791153861AD00EFF492 /* GVCUIDatePickerViewController.m in Sources */,
				05D576241538B6B000BE1135 /* GVCEditDateCell.m in Sources */,
				05D5762A1538BA6F00BE1135 /* GVCButtonCell.m in Sources */,
			);
			runOnlyForDeploymentPostprocessing = 0;
		};
		05CA0AF714F7F69F001C8A68 /* Sources */ = {
			isa = PBXSourcesBuildPhase;
			buildActionMask = 2147483647;
			files = (
				05CA0B0D14F7F6A0001C8A68 /* GVCUIKitTests.m in Sources */,
			);
			runOnlyForDeploymentPostprocessing = 0;
		};
/* End PBXSourcesBuildPhase section */

/* Begin PBXTargetDependency section */
		059C617415011B1300E18973 /* PBXTargetDependency */ = {
			isa = PBXTargetDependency;
			name = GVCFoundation;
			targetProxy = 059C617315011B1300E18973 /* PBXContainerItemProxy */;
		};
		05CA0B0314F7F69F001C8A68 /* PBXTargetDependency */ = {
			isa = PBXTargetDependency;
			target = 05CA0AEB14F7F69E001C8A68 /* GVCUIKit */;
			targetProxy = 05CA0B0214F7F69F001C8A68 /* PBXContainerItemProxy */;
		};
		05F075801537CB6C00F8A8BD /* PBXTargetDependency */ = {
			isa = PBXTargetDependency;
			name = GVCFoundation;
			targetProxy = 05F0757F1537CB6C00F8A8BD /* PBXContainerItemProxy */;
		};
/* End PBXTargetDependency section */

/* Begin PBXVariantGroup section */
		05CA0B0814F7F69F001C8A68 /* InfoPlist.strings */ = {
			isa = PBXVariantGroup;
			children = (
				05CA0B0914F7F69F001C8A68 /* en */,
			);
			name = InfoPlist.strings;
			sourceTree = "<group>";
		};
/* End PBXVariantGroup section */

/* Begin XCBuildConfiguration section */
		05CA0B0E14F7F6A0001C8A68 /* Debug */ = {
			isa = XCBuildConfiguration;
			baseConfigurationReference = 0554498A14F7F9C500ABB310 /* GVCDebug.xcconfig */;
			buildSettings = {
				ALWAYS_SEARCH_USER_PATHS = NO;
				ARCHS = "$(ARCHS_STANDARD_32_BIT)";
				CLANG_ENABLE_OBJC_ARC = YES;
				COPY_PHASE_STRIP = NO;
				GCC_C_LANGUAGE_STANDARD = gnu99;
				GCC_DYNAMIC_NO_PIC = NO;
				GCC_OPTIMIZATION_LEVEL = 0;
				GCC_PREPROCESSOR_DEFINITIONS = (
					"DEBUG=1",
					"$(inherited)",
				);
				GCC_SYMBOLS_PRIVATE_EXTERN = NO;
				GCC_VERSION = com.apple.compilers.llvm.clang.1_0;
				GCC_WARN_ABOUT_MISSING_PROTOTYPES = YES;
				GCC_WARN_ABOUT_RETURN_TYPE = YES;
				GCC_WARN_UNUSED_VARIABLE = YES;
				IPHONEOS_DEPLOYMENT_TARGET = 5.0;
				SDKROOT = iphoneos;
				STRIP_INSTALLED_PRODUCT = NO;
				TARGETED_DEVICE_FAMILY = "1,2";
				USER_HEADER_SEARCH_PATHS = "${TARGET_BUILD_DIR}/usr/local/include/**";
			};
			name = Debug;
		};
		05CA0B0F14F7F6A0001C8A68 /* Release */ = {
			isa = XCBuildConfiguration;
			baseConfigurationReference = 0554498B14F7F9C500ABB310 /* GVCRelease.xcconfig */;
			buildSettings = {
				ALWAYS_SEARCH_USER_PATHS = NO;
				ARCHS = "$(ARCHS_STANDARD_32_BIT)";
				CLANG_ENABLE_OBJC_ARC = YES;
				COPY_PHASE_STRIP = YES;
				GCC_C_LANGUAGE_STANDARD = gnu99;
				GCC_VERSION = com.apple.compilers.llvm.clang.1_0;
				GCC_WARN_ABOUT_MISSING_PROTOTYPES = YES;
				GCC_WARN_ABOUT_RETURN_TYPE = YES;
				GCC_WARN_UNUSED_VARIABLE = YES;
				IPHONEOS_DEPLOYMENT_TARGET = 5.0;
				SDKROOT = iphoneos;
				STRIP_INSTALLED_PRODUCT = NO;
				TARGETED_DEVICE_FAMILY = "1,2";
				USER_HEADER_SEARCH_PATHS = "${TARGET_BUILD_DIR}/usr/local/include/**";
				VALIDATE_PRODUCT = YES;
			};
			name = Release;
		};
		05CA0B1114F7F6A0001C8A68 /* Debug */ = {
			isa = XCBuildConfiguration;
			buildSettings = {
				ALWAYS_SEARCH_USER_PATHS = YES;
				GCC_PRECOMPILE_PREFIX_HEADER = YES;
				GCC_PREFIX_HEADER = "GVCUIKit/GVCUIKit-Prefix.pch";
				OTHER_LDFLAGS = "-ObjC";
				PRODUCT_NAME = "$(TARGET_NAME)";
				SKIP_INSTALL = YES;
				USER_HEADER_SEARCH_PATHS = "${TARGET_BUILD_DIR}/usr/local/include/**";
			};
			name = Debug;
		};
		05CA0B1214F7F6A0001C8A68 /* Release */ = {
			isa = XCBuildConfiguration;
			buildSettings = {
				ALWAYS_SEARCH_USER_PATHS = YES;
				GCC_PRECOMPILE_PREFIX_HEADER = YES;
				GCC_PREFIX_HEADER = "GVCUIKit/GVCUIKit-Prefix.pch";
				OTHER_LDFLAGS = "-ObjC";
				PRODUCT_NAME = "$(TARGET_NAME)";
				SKIP_INSTALL = YES;
				USER_HEADER_SEARCH_PATHS = "${TARGET_BUILD_DIR}/usr/local/include/**";
			};
			name = Release;
		};
		05CA0B1414F7F6A0001C8A68 /* Debug */ = {
			isa = XCBuildConfiguration;
			buildSettings = {
				FRAMEWORK_SEARCH_PATHS = (
					"$(SDKROOT)/Developer/Library/Frameworks",
					"$(DEVELOPER_LIBRARY_DIR)/Frameworks",
				);
				GCC_PRECOMPILE_PREFIX_HEADER = YES;
				GCC_PREFIX_HEADER = "GVCUIKit/GVCUIKit-Prefix.pch";
				INFOPLIST_FILE = "GVCUIKitTests/GVCUIKitTests-Info.plist";
				PRODUCT_NAME = "$(TARGET_NAME)";
				WRAPPER_EXTENSION = octest;
			};
			name = Debug;
		};
		05CA0B1514F7F6A0001C8A68 /* Release */ = {
			isa = XCBuildConfiguration;
			buildSettings = {
				FRAMEWORK_SEARCH_PATHS = (
					"$(SDKROOT)/Developer/Library/Frameworks",
					"$(DEVELOPER_LIBRARY_DIR)/Frameworks",
				);
				GCC_PRECOMPILE_PREFIX_HEADER = YES;
				GCC_PREFIX_HEADER = "GVCUIKit/GVCUIKit-Prefix.pch";
				INFOPLIST_FILE = "GVCUIKitTests/GVCUIKitTests-Info.plist";
				PRODUCT_NAME = "$(TARGET_NAME)";
				WRAPPER_EXTENSION = octest;
			};
			name = Release;
		};
/* End XCBuildConfiguration section */

/* Begin XCConfigurationList section */
		05CA0AE614F7F69E001C8A68 /* Build configuration list for PBXProject "GVCUIKit" */ = {
			isa = XCConfigurationList;
			buildConfigurations = (
				05CA0B0E14F7F6A0001C8A68 /* Debug */,
				05CA0B0F14F7F6A0001C8A68 /* Release */,
			);
			defaultConfigurationIsVisible = 0;
			defaultConfigurationName = Release;
		};
		05CA0B1014F7F6A0001C8A68 /* Build configuration list for PBXNativeTarget "GVCUIKit" */ = {
			isa = XCConfigurationList;
			buildConfigurations = (
				05CA0B1114F7F6A0001C8A68 /* Debug */,
				05CA0B1214F7F6A0001C8A68 /* Release */,
			);
			defaultConfigurationIsVisible = 0;
			defaultConfigurationName = Release;
		};
		05CA0B1314F7F6A0001C8A68 /* Build configuration list for PBXNativeTarget "GVCUIKitTests" */ = {
			isa = XCConfigurationList;
			buildConfigurations = (
				05CA0B1414F7F6A0001C8A68 /* Debug */,
				05CA0B1514F7F6A0001C8A68 /* Release */,
			);
			defaultConfigurationIsVisible = 0;
			defaultConfigurationName = Release;
		};
/* End XCConfigurationList section */
	};
	rootObject = 05CA0AE314F7F69E001C8A68 /* Project object */;
}
